
Microsoft Visual Studio Solution File, Format Version 12.00
# Visual Studio Version 16
VisualStudioVersion = 16.0.29215.179
MinimumVisualStudioVersion = 10.0.40219.1
Project("{FAE04EC0-301F-11D3-BF4B-00C04F79EFBC}") = "LiveSplit.PersonalRecord", "LiveSplit.PersonalRecord.csproj", "{43C8D8CC-C554-4EF5-9046-7B27D087968F}"
EndProject
Global
	GlobalSection(SolutionConfigurationPlatforms) = preSolution
		Debug|Any CPU = Debug|Any CPU
		Release Candidate|Any CPU = Release Candidate|Any CPU
		Release|Any CPU = Release|Any CPU
	EndGlobalSection
	GlobalSection(ProjectConfigurationPlatforms) = postSolution
		{43C8D8CC-C554-4EF5-9046-7B27D087968F}.Debug|Any CPU.ActiveCfg = Debug|Any CPU
		{43C8D8CC-C554-4EF5-9046-7B27D087968F}.Debug|Any CPU.Build.0 = Debug|Any CPU
		{43C8D8CC-C554-4EF5-9046-7B27D087968F}.Release Candidate|Any CPU.ActiveCfg = Release Candidate|Any CPU
		{43C8D8CC-C554-4EF5-9046-7B27D087968F}.Release Candidate|Any CPU.Build.0 = Release Candidate|Any CPU
		{43C8D8CC-C554-4EF5-9046-7B27D087968F}.Release|Any CPU.ActiveCfg = Release|Any CPU
		{43C8D8CC-C554-4EF5-9046-7B27D087968F}.Release|Any CPU.Build.0 = Release|Any CPU
	EndGlobalSection
	GlobalSection(SolutionProperties) = preSolution
		HideSolutionNode = FALSE
	EndGlobalSection
	GlobalSection(ExtensibilityGlobals) = postSolution
		SolutionGuid = {572A5035-BA31-4A9A-8749-A45887E32C4B}
	EndGlobalSection
EndGlobal
